
Microsoft Visual Studio Solution File, Format Version 12.00
# Visual Studio Version 17
VisualStudioVersion = 17.3.32929.385
MinimumVisualStudioVersion = 10.0.40219.1
Project("{9A19103F-16F7-4668-BE54-9A1E7A4F7556}") = "CustomerOrderProduct", "CustomerOrderProduct\CustomerOrderProduct.csproj", "{86F3055E-B5FC-4F8F-A7FE-EF8096747524}"
EndProject
Project("{FAE04EC0-301F-11D3-BF4B-00C04F79EFBC}") = "Generics", "Helpers\Generics.csproj", "{68172E64-D334-4045-B7B0-3D7B8A7FAD4E}"
EndProject
Global
	GlobalSection(SolutionConfigurationPlatforms) = preSolution
		Debug|Any CPU = Debug|Any CPU
		Release|Any CPU = Release|Any CPU
	EndGlobalSection
	GlobalSection(ProjectConfigurationPlatforms) = postSolution
		{86F3055E-B5FC-4F8F-A7FE-EF8096747524}.Debug|Any CPU.ActiveCfg = Debug|Any CPU
		{86F3055E-B5FC-4F8F-A7FE-EF8096747524}.Debug|Any CPU.Build.0 = Debug|Any CPU
		{86F3055E-B5FC-4F8F-A7FE-EF8096747524}.Release|Any CPU.ActiveCfg = Release|Any CPU
		{86F3055E-B5FC-4F8F-A7FE-EF8096747524}.Release|Any CPU.Build.0 = Release|Any CPU
		{68172E64-D334-4045-B7B0-3D7B8A7FAD4E}.Debug|Any CPU.ActiveCfg = Debug|Any CPU
		{68172E64-D334-4045-B7B0-3D7B8A7FAD4E}.Debug|Any CPU.Build.0 = Debug|Any CPU
		{68172E64-D334-4045-B7B0-3D7B8A7FAD4E}.Release|Any CPU.ActiveCfg = Release|Any CPU
		{68172E64-D334-4045-B7B0-3D7B8A7FAD4E}.Release|Any CPU.Build.0 = Release|Any CPU
	EndGlobalSection
	GlobalSection(SolutionProperties) = preSolution
		HideSolutionNode = FALSE
	EndGlobalSection
	GlobalSection(ExtensibilityGlobals) = postSolution
		SolutionGuid = {848223D6-F1C5-43C0-9FCA-8C69F1EE83A0}
	EndGlobalSection
EndGlobal
